# THIS IS AN AUTOGENERATED FILE. DO NOT EDIT THIS FILE DIRECTLY.
# yarn lockfile v1


"@modules/app-menu@file:./modules/app-menu":
  version "1.0.0"

"@modules/onboarding@file:./modules/onboarding":
  version "1.0.0"
  dependencies:
    react-native-app-intro-slider "^4.0.4"

react-native-app-intro-slider@^4.0.4:
  version "4.0.4"
  resolved "https://registry.yarnpkg.com/react-native-app-intro-slider/-/react-native-app-intro-slider-4.0.4.tgz#fa5cda7057db62c448ac975ffd2ba0cff94cc8d8"
  integrity sha512-Zkjaol6X3BbZkHUpVDj2LjdidpS6rCgKi0fx80xgGKa0pHxBRd4swWTv2bHnnvu5k1/HXwYk0mY2TbK+2jHl5w==
